
Microsoft Visual Studio Solution File, Format Version 12.00
# Visual Studio Version 17
VisualStudioVersion = 17.11.35222.181
MinimumVisualStudioVersion = 10.0.40219.1
Project("{9A19103F-16F7-4668-BE54-9A1E7A4F7556}") = "TaskCli-Models", "TaskCli-Models\TaskCli-Models.csproj", "{976B369B-9E5D-46EA-9F47-7A1E84AB1242}"
EndProject
Project("{9A19103F-16F7-4668-BE54-9A1E7A4F7556}") = "TaskCli-Utils", "TaskCli-Utils\TaskCli-Utils.csproj", "{9E1217F2-485B-4EA5-8CF7-AEAECAA4663A}"
EndProject
Project("{9A19103F-16F7-4668-BE54-9A1E7A4F7556}") = "TaskCli-Api", "TaskCli-Api\TaskCli-Api.csproj", "{7EF19A7D-1AF7-4D44-902A-6949863C31EF}"
EndProject
Global
	GlobalSection(SolutionConfigurationPlatforms) = preSolution
		Debug|Any CPU = Debug|Any CPU
		Release|Any CPU = Release|Any CPU
	EndGlobalSection
	GlobalSection(ProjectConfigurationPlatforms) = postSolution
		{976B369B-9E5D-46EA-9F47-7A1E84AB1242}.Debug|Any CPU.ActiveCfg = Debug|Any CPU
		{976B369B-9E5D-46EA-9F47-7A1E84AB1242}.Debug|Any CPU.Build.0 = Debug|Any CPU
		{976B369B-9E5D-46EA-9F47-7A1E84AB1242}.Release|Any CPU.ActiveCfg = Release|Any CPU
		{976B369B-9E5D-46EA-9F47-7A1E84AB1242}.Release|Any CPU.Build.0 = Release|Any CPU
		{9E1217F2-485B-4EA5-8CF7-AEAECAA4663A}.Debug|Any CPU.ActiveCfg = Debug|Any CPU
		{9E1217F2-485B-4EA5-8CF7-AEAECAA4663A}.Debug|Any CPU.Build.0 = Debug|Any CPU
		{9E1217F2-485B-4EA5-8CF7-AEAECAA4663A}.Release|Any CPU.ActiveCfg = Release|Any CPU
		{9E1217F2-485B-4EA5-8CF7-AEAECAA4663A}.Release|Any CPU.Build.0 = Release|Any CPU
		{7EF19A7D-1AF7-4D44-902A-6949863C31EF}.Debug|Any CPU.ActiveCfg = Debug|Any CPU
		{7EF19A7D-1AF7-4D44-902A-6949863C31EF}.Debug|Any CPU.Build.0 = Debug|Any CPU
		{7EF19A7D-1AF7-4D44-902A-6949863C31EF}.Release|Any CPU.ActiveCfg = Release|Any CPU
		{7EF19A7D-1AF7-4D44-902A-6949863C31EF}.Release|Any CPU.Build.0 = Release|Any CPU
	EndGlobalSection
	GlobalSection(SolutionProperties) = preSolution
		HideSolutionNode = FALSE
	EndGlobalSection
	GlobalSection(ExtensibilityGlobals) = postSolution
		SolutionGuid = {B9B5460C-1F89-4D9A-8C3A-F23355DEB4C0}
	EndGlobalSection
EndGlobal
